PODS:
  - FMDB (2.7.5):
    - FMDB/standard (= 2.7.5)
  - FMDB/standard (2.7.5)
  - FSCalendar (2.8.1)
  - SkyFloatingLabelTextField (3.8.0)

DEPENDENCIES:
  - FMDB
  - FSCalendar
  - SkyFloatingLabelTextField (~> 3.0)

SPEC REPOS:
  https://github.com/cocoapods/specs.git:
    - FMDB
    - FSCalendar
    - SkyFloatingLabelTextField

SPEC CHECKSUMS:
  FMDB: 2ce00b547f966261cd18927a3ddb07cb6f3db82a
  FSCalendar: 5245140456fcbcac5824c203b98bd8068bdfee1a
  SkyFloatingLabelTextField: 5a338412114808e961fe2d14ea2c5452c8b6e4aa

PODFILE CHECKSUM: f4836a537a6a6302222c6a7e105946689e73e9ce

COCOAPODS: 1.5.3
