// !$*UTF8*$!
{
	archiveVersion = 1;
	classes = {
	};
	objectVersion = 50;
	objects = {

/* Begin PBXBuildFile section */
		039DC2E779BB841D4770CD79 /* Pods_NetmedsPMS.framework in Frameworks */ = {isa = PBXBuildFile; fileRef = D27DC00E2317A23219ECC7D0 /* Pods_NetmedsPMS.framework */; };
		04179D59245EA91E004D2BB8 /* CalendarTableCell.swift in Sources */ = {isa = PBXBuildFile; fileRef = 04179D58245EA91E004D2BB8 /* CalendarTableCell.swift */; };
		04179D5C245EAC5F004D2BB8 /* BasicAppointmentDetailCell.swift in Sources */ = {isa = PBXBuildFile; fileRef = 04179D5B245EAC5F004D2BB8 /* BasicAppointmentDetailCell.swift */; };
		04179D5E245EAD75004D2BB8 /* CommonAppointmentCell.swift in Sources */ = {isa = PBXBuildFile; fileRef = 04179D5D245EAD75004D2BB8 /* CommonAppointmentCell.swift */; };
		04179D60245EAE2F004D2BB8 /* AppointmentDescriptionCell.swift in Sources */ = {isa = PBXBuildFile; fileRef = 04179D5F245EAE2F004D2BB8 /* AppointmentDescriptionCell.swift */; };
		04179D62245EAEF6004D2BB8 /* AppointmentBookingCell.swift in Sources */ = {isa = PBXBuildFile; fileRef = 04179D61245EAEF6004D2BB8 /* AppointmentBookingCell.swift */; };
		04179D64245EB065004D2BB8 /* AppointmentNotificationCell.swift in Sources */ = {isa = PBXBuildFile; fileRef = 04179D63245EB065004D2BB8 /* AppointmentNotificationCell.swift */; };
		04179D66245ECD14004D2BB8 /* PatientDetail.swift in Sources */ = {isa = PBXBuildFile; fileRef = 04179D65245ECD14004D2BB8 /* PatientDetail.swift */; };
		04179D68245F500F004D2BB8 /* NMDatabaseController.swift in Sources */ = {isa = PBXBuildFile; fileRef = 04179D67245F500F004D2BB8 /* NMDatabaseController.swift */; };
		04179D6A245F8B60004D2BB8 /* Utility.swift in Sources */ = {isa = PBXBuildFile; fileRef = 04179D69245F8B60004D2BB8 /* Utility.swift */; };
		04763A23245D930B00569115 /* AppDelegate.swift in Sources */ = {isa = PBXBuildFile; fileRef = 04763A22245D930B00569115 /* AppDelegate.swift */; };
		04763A25245D930B00569115 /* SceneDelegate.swift in Sources */ = {isa = PBXBuildFile; fileRef = 04763A24245D930B00569115 /* SceneDelegate.swift */; };
		04763A2A245D930B00569115 /* Main.storyboard in Resources */ = {isa = PBXBuildFile; fileRef = 04763A28245D930B00569115 /* Main.storyboard */; };
		04763A2C245D930C00569115 /* Assets.xcassets in Resources */ = {isa = PBXBuildFile; fileRef = 04763A2B245D930C00569115 /* Assets.xcassets */; };
		04763A2F245D930C00569115 /* LaunchScreen.storyboard in Resources */ = {isa = PBXBuildFile; fileRef = 04763A2D245D930C00569115 /* LaunchScreen.storyboard */; };
		04763A3A245D930D00569115 /* NetmedsPMSTests.swift in Sources */ = {isa = PBXBuildFile; fileRef = 04763A39245D930D00569115 /* NetmedsPMSTests.swift */; };
		04763A45245D930D00569115 /* NetmedsPMSUITests.swift in Sources */ = {isa = PBXBuildFile; fileRef = 04763A44245D930D00569115 /* NetmedsPMSUITests.swift */; };
		04763A5A245DADCE00569115 /* NMCalendarViewController.swift in Sources */ = {isa = PBXBuildFile; fileRef = 04763A59245DADCE00569115 /* NMCalendarViewController.swift */; };
		04763A5C245DADF100569115 /* NMAddPatientViewController.swift in Sources */ = {isa = PBXBuildFile; fileRef = 04763A5B245DADF100569115 /* NMAddPatientViewController.swift */; };
		04763A5E245DAE1F00569115 /* NMPatientsViewController.swift in Sources */ = {isa = PBXBuildFile; fileRef = 04763A5D245DAE1F00569115 /* NMPatientsViewController.swift */; };
		04763A60245DAE4700569115 /* NMAddAppointmentViewController.swift in Sources */ = {isa = PBXBuildFile; fileRef = 04763A5F245DAE4700569115 /* NMAddAppointmentViewController.swift */; };
		04763A62245DAEF600569115 /* NMBaseViewController.swift in Sources */ = {isa = PBXBuildFile; fileRef = 04763A61245DAEF600569115 /* NMBaseViewController.swift */; };
		04763A66245DDDB000569115 /* FMDatabase.swift in Sources */ = {isa = PBXBuildFile; fileRef = 04763A65245DDDB000569115 /* FMDatabase.swift */; };
		04763A68245DEA1D00569115 /* Extensions.swift in Sources */ = {isa = PBXBuildFile; fileRef = 04763A67245DEA1D00569115 /* Extensions.swift */; };
		04763A6A245DF48400569115 /* NMLocalMessages.swift in Sources */ = {isa = PBXBuildFile; fileRef = 04763A69245DF48400569115 /* NMLocalMessages.swift */; };
		04763A6C245DF4E000569115 /* NMConstants.swift in Sources */ = {isa = PBXBuildFile; fileRef = 04763A6B245DF4E000569115 /* NMConstants.swift */; };
		04763A70245DF5F200569115 /* PatientPrimaryInfoCell.swift in Sources */ = {isa = PBXBuildFile; fileRef = 04763A6F245DF5F200569115 /* PatientPrimaryInfoCell.swift */; };
		04763A72245DF63700569115 /* PatientDOBAndAgeCell.swift in Sources */ = {isa = PBXBuildFile; fileRef = 04763A71245DF63700569115 /* PatientDOBAndAgeCell.swift */; };
		04763A75245DF6A500569115 /* CommonTableCell.swift in Sources */ = {isa = PBXBuildFile; fileRef = 04763A74245DF6A500569115 /* CommonTableCell.swift */; };
		04763A77245E018B00569115 /* NMHomeTabbarController.swift in Sources */ = {isa = PBXBuildFile; fileRef = 04763A76245E018B00569115 /* NMHomeTabbarController.swift */; };
		04763A7A245E1F1C00569115 /* PatientsTableCell.swift in Sources */ = {isa = PBXBuildFile; fileRef = 04763A79245E1F1C00569115 /* PatientsTableCell.swift */; };
		7EEF816E97657944345AF877 /* Pods_NetmedsPMSUITests.framework in Frameworks */ = {isa = PBXBuildFile; fileRef = BE3C48A5CC16641C693AAE38 /* Pods_NetmedsPMSUITests.framework */; };
		FEA0062CB41C26E2892F3B7B /* Pods_NetmedsPMSTests.framework in Frameworks */ = {isa = PBXBuildFile; fileRef = E59C8B61915E4512CFEE077C /* Pods_NetmedsPMSTests.framework */; };
/* End PBXBuildFile section */

/* Begin PBXContainerItemProxy section */
		04763A36245D930D00569115 /* PBXContainerItemProxy */ = {
			isa = PBXContainerItemProxy;
			containerPortal = 04763A17245D930A00569115 /* Project object */;
			proxyType = 1;
			remoteGlobalIDString = 04763A1E245D930B00569115;
			remoteInfo = NetmedsPMS;
		};
		04763A41245D930D00569115 /* PBXContainerItemProxy */ = {
			isa = PBXContainerItemProxy;
			containerPortal = 04763A17245D930A00569115 /* Project object */;
			proxyType = 1;
			remoteGlobalIDString = 04763A1E245D930B00569115;
			remoteInfo = NetmedsPMS;
		};
/* End PBXContainerItemProxy section */

/* Begin PBXFileReference section */
		04179D58245EA91E004D2BB8 /* CalendarTableCell.swift */ = {isa = PBXFileReference; lastKnownFileType = sourcecode.swift; path = CalendarTableCell.swift; sourceTree = "<group>"; };
		04179D5B245EAC5F004D2BB8 /* BasicAppointmentDetailCell.swift */ = {isa = PBXFileReference; lastKnownFileType = sourcecode.swift; path = BasicAppointmentDetailCell.swift; sourceTree = "<group>"; };
		04179D5D245EAD75004D2BB8 /* CommonAppointmentCell.swift */ = {isa = PBXFileReference; lastKnownFileType = sourcecode.swift; path = CommonAppointmentCell.swift; sourceTree = "<group>"; };
		04179D5F245EAE2F004D2BB8 /* AppointmentDescriptionCell.swift */ = {isa = PBXFileReference; lastKnownFileType = sourcecode.swift; path = AppointmentDescriptionCell.swift; sourceTree = "<group>"; };
		04179D61245EAEF6004D2BB8 /* AppointmentBookingCell.swift */ = {isa = PBXFileReference; lastKnownFileType = sourcecode.swift; path = AppointmentBookingCell.swift; sourceTree = "<group>"; };
		04179D63245EB065004D2BB8 /* AppointmentNotificationCell.swift */ = {isa = PBXFileReference; lastKnownFileType = sourcecode.swift; path = AppointmentNotificationCell.swift; sourceTree = "<group>"; };
		04179D65245ECD14004D2BB8 /* PatientDetail.swift */ = {isa = PBXFileReference; lastKnownFileType = sourcecode.swift; path = PatientDetail.swift; sourceTree = "<group>"; };
		04179D67245F500F004D2BB8 /* NMDatabaseController.swift */ = {isa = PBXFileReference; lastKnownFileType = sourcecode.swift; path = NMDatabaseController.swift; sourceTree = "<group>"; };
		04179D69245F8B60004D2BB8 /* Utility.swift */ = {isa = PBXFileReference; lastKnownFileType = sourcecode.swift; path = Utility.swift; sourceTree = "<group>"; };
		04763A1F245D930B00569115 /* NetmedsPMS.app */ = {isa = PBXFileReference; explicitFileType = wrapper.application; includeInIndex = 0; path = NetmedsPMS.app; sourceTree = BUILT_PRODUCTS_DIR; };
		04763A22245D930B00569115 /* AppDelegate.swift */ = {isa = PBXFileReference; lastKnownFileType = sourcecode.swift; path = AppDelegate.swift; sourceTree = "<group>"; };
		04763A24245D930B00569115 /* SceneDelegate.swift */ = {isa = PBXFileReference; lastKnownFileType = sourcecode.swift; path = SceneDelegate.swift; sourceTree = "<group>"; };
		04763A29245D930B00569115 /* Base */ = {isa = PBXFileReference; lastKnownFileType = file.storyboard; name = Base; path = Base.lproj/Main.storyboard; sourceTree = "<group>"; };
		04763A2B245D930C00569115 /* Assets.xcassets */ = {isa = PBXFileReference; lastKnownFileType = folder.assetcatalog; path = Assets.xcassets; sourceTree = "<group>"; };
		04763A2E245D930C00569115 /* Base */ = {isa = PBXFileReference; lastKnownFileType = file.storyboard; name = Base; path = Base.lproj/LaunchScreen.storyboard; sourceTree = "<group>"; };
		04763A30245D930D00569115 /* Info.plist */ = {isa = PBXFileReference; lastKnownFileType = text.plist.xml; path = Info.plist; sourceTree = "<group>"; };
		04763A35245D930D00569115 /* NetmedsPMSTests.xctest */ = {isa = PBXFileReference; explicitFileType = wrapper.cfbundle; includeInIndex = 0; path = NetmedsPMSTests.xctest; sourceTree = BUILT_PRODUCTS_DIR; };
		04763A39245D930D00569115 /* NetmedsPMSTests.swift */ = {isa = PBXFileReference; lastKnownFileType = sourcecode.swift; path = NetmedsPMSTests.swift; sourceTree = "<group>"; };
		04763A3B245D930D00569115 /* Info.plist */ = {isa = PBXFileReference; lastKnownFileType = text.plist.xml; path = Info.plist; sourceTree = "<group>"; };
		04763A40245D930D00569115 /* NetmedsPMSUITests.xctest */ = {isa = PBXFileReference; explicitFileType = wrapper.cfbundle; includeInIndex = 0; path = NetmedsPMSUITests.xctest; sourceTree = BUILT_PRODUCTS_DIR; };
		04763A44245D930D00569115 /* NetmedsPMSUITests.swift */ = {isa = PBXFileReference; lastKnownFileType = sourcecode.swift; path = NetmedsPMSUITests.swift; sourceTree = "<group>"; };
		04763A46245D930D00569115 /* Info.plist */ = {isa = PBXFileReference; lastKnownFileType = text.plist.xml; path = Info.plist; sourceTree = "<group>"; };
		04763A59245DADCE00569115 /* NMCalendarViewController.swift */ = {isa = PBXFileReference; lastKnownFileType = sourcecode.swift; path = NMCalendarViewController.swift; sourceTree = "<group>"; };
		04763A5B245DADF100569115 /* NMAddPatientViewController.swift */ = {isa = PBXFileReference; lastKnownFileType = sourcecode.swift; path = NMAddPatientViewController.swift; sourceTree = "<group>"; };
		04763A5D245DAE1F00569115 /* NMPatientsViewController.swift */ = {isa = PBXFileReference; lastKnownFileType = sourcecode.swift; path = NMPatientsViewController.swift; sourceTree = "<group>"; };
		04763A5F245DAE4700569115 /* NMAddAppointmentViewController.swift */ = {isa = PBXFileReference; lastKnownFileType = sourcecode.swift; path = NMAddAppointmentViewController.swift; sourceTree = "<group>"; };
		04763A61245DAEF600569115 /* NMBaseViewController.swift */ = {isa = PBXFileReference; lastKnownFileType = sourcecode.swift; path = NMBaseViewController.swift; sourceTree = "<group>"; };
		04763A65245DDDB000569115 /* FMDatabase.swift */ = {isa = PBXFileReference; lastKnownFileType = sourcecode.swift; path = FMDatabase.swift; sourceTree = "<group>"; };
		04763A67245DEA1D00569115 /* Extensions.swift */ = {isa = PBXFileReference; lastKnownFileType = sourcecode.swift; path = Extensions.swift; sourceTree = "<group>"; };
		04763A69245DF48400569115 /* NMLocalMessages.swift */ = {isa = PBXFileReference; lastKnownFileType = sourcecode.swift; path = NMLocalMessages.swift; sourceTree = "<group>"; };
		04763A6B245DF4E000569115 /* NMConstants.swift */ = {isa = PBXFileReference; lastKnownFileType = sourcecode.swift; path = NMConstants.swift; sourceTree = "<group>"; };
		04763A6F245DF5F200569115 /* PatientPrimaryInfoCell.swift */ = {isa = PBXFileReference; lastKnownFileType = sourcecode.swift; path = PatientPrimaryInfoCell.swift; sourceTree = "<group>"; };
		04763A71245DF63700569115 /* PatientDOBAndAgeCell.swift */ = {isa = PBXFileReference; lastKnownFileType = sourcecode.swift; path = PatientDOBAndAgeCell.swift; sourceTree = "<group>"; };
		04763A74245DF6A500569115 /* CommonTableCell.swift */ = {isa = PBXFileReference; lastKnownFileType = sourcecode.swift; path = CommonTableCell.swift; sourceTree = "<group>"; };
		04763A76245E018B00569115 /* NMHomeTabbarController.swift */ = {isa = PBXFileReference; lastKnownFileType = sourcecode.swift; path = NMHomeTabbarController.swift; sourceTree = "<group>"; };
		04763A79245E1F1C00569115 /* PatientsTableCell.swift */ = {isa = PBXFileReference; lastKnownFileType = sourcecode.swift; path = PatientsTableCell.swift; sourceTree = "<group>"; };
		31B0F060DE4FC84118AE16E5 /* Pods-NetmedsPMSTests.release.xcconfig */ = {isa = PBXFileReference; includeInIndex = 1; lastKnownFileType = text.xcconfig; name = "Pods-NetmedsPMSTests.release.xcconfig"; path = "Pods/Target Support Files/Pods-NetmedsPMSTests/Pods-NetmedsPMSTests.release.xcconfig"; sourceTree = "<group>"; };
		6265D1458A2C6F2C039F7D20 /* Pods-NetmedsPMSTests.debug.xcconfig */ = {isa = PBXFileReference; includeInIndex = 1; lastKnownFileType = text.xcconfig; name = "Pods-NetmedsPMSTests.debug.xcconfig"; path = "Pods/Target Support Files/Pods-NetmedsPMSTests/Pods-NetmedsPMSTests.debug.xcconfig"; sourceTree = "<group>"; };
		B68D4D7AB9082FAFB52E4E77 /* Pods-NetmedsPMS.debug.xcconfig */ = {isa = PBXFileReference; includeInIndex = 1; lastKnownFileType = text.xcconfig; name = "Pods-NetmedsPMS.debug.xcconfig"; path = "Pods/Target Support Files/Pods-NetmedsPMS/Pods-NetmedsPMS.debug.xcconfig"; sourceTree = "<group>"; };
		BD7CC39B76C0A3C6AAD2AE75 /* Pods-NetmedsPMS.release.xcconfig */ = {isa = PBXFileReference; includeInIndex = 1; lastKnownFileType = text.xcconfig; name = "Pods-NetmedsPMS.release.xcconfig"; path = "Pods/Target Support Files/Pods-NetmedsPMS/Pods-NetmedsPMS.release.xcconfig"; sourceTree = "<group>"; };
		BE3C48A5CC16641C693AAE38 /* Pods_NetmedsPMSUITests.framework */ = {isa = PBXFileReference; explicitFileType = wrapper.framework; includeInIndex = 0; path = Pods_NetmedsPMSUITests.framework; sourceTree = BUILT_PRODUCTS_DIR; };
		C33E93588AE80035619DA7D2 /* Pods-NetmedsPMSUITests.debug.xcconfig */ = {isa = PBXFileReference; includeInIndex = 1; lastKnownFileType = text.xcconfig; name = "Pods-NetmedsPMSUITests.debug.xcconfig"; path = "Pods/Target Support Files/Pods-NetmedsPMSUITests/Pods-NetmedsPMSUITests.debug.xcconfig"; sourceTree = "<group>"; };
		D27DC00E2317A23219ECC7D0 /* Pods_NetmedsPMS.framework */ = {isa = PBXFileReference; explicitFileType = wrapper.framework; includeInIndex = 0; path = Pods_NetmedsPMS.framework; sourceTree = BUILT_PRODUCTS_DIR; };
		DE6F77E55053840EB6D75E30 /* Pods-NetmedsPMSUITests.release.xcconfig */ = {isa = PBXFileReference; includeInIndex = 1; lastKnownFileType = text.xcconfig; name = "Pods-NetmedsPMSUITests.release.xcconfig"; path = "Pods/Target Support Files/Pods-NetmedsPMSUITests/Pods-NetmedsPMSUITests.release.xcconfig"; sourceTree = "<group>"; };
		E59C8B61915E4512CFEE077C /* Pods_NetmedsPMSTests.framework */ = {isa = PBXFileReference; explicitFileType = wrapper.framework; includeInIndex = 0; path = Pods_NetmedsPMSTests.framework; sourceTree = BUILT_PRODUCTS_DIR; };
/* End PBXFileReference section */

/* Begin PBXFrameworksBuildPhase section */
		04763A1C245D930B00569115 /* Frameworks */ = {
			isa = PBXFrameworksBuildPhase;
			buildActionMask = 2147483647;
			files = (
				039DC2E779BB841D4770CD79 /* Pods_NetmedsPMS.framework in Frameworks */,
			);
			runOnlyForDeploymentPostprocessing = 0;
		};
		04763A32245D930D00569115 /* Frameworks */ = {
			isa = PBXFrameworksBuildPhase;
			buildActionMask = 2147483647;
			files = (
				FEA0062CB41C26E2892F3B7B /* Pods_NetmedsPMSTests.framework in Frameworks */,
			);
			runOnlyForDeploymentPostprocessing = 0;
		};
		04763A3D245D930D00569115 /* Frameworks */ = {
			isa = PBXFrameworksBuildPhase;
			buildActionMask = 2147483647;
			files = (
				7EEF816E97657944345AF877 /* Pods_NetmedsPMSUITests.framework in Frameworks */,
			);
			runOnlyForDeploymentPostprocessing = 0;
		};
/* End PBXFrameworksBuildPhase section */

/* Begin PBXGroup section */
		04179D57245EA8D6004D2BB8 /* Calendar */ = {
			isa = PBXGroup;
			children = (
				04179D58245EA91E004D2BB8 /* CalendarTableCell.swift */,
			);
			path = Calendar;
			sourceTree = "<group>";
		};
		04179D5A245EAC04004D2BB8 /* Appointment */ = {
			isa = PBXGroup;
			children = (
				04179D5B245EAC5F004D2BB8 /* BasicAppointmentDetailCell.swift */,
				04179D5D245EAD75004D2BB8 /* CommonAppointmentCell.swift */,
				04179D5F245EAE2F004D2BB8 /* AppointmentDescriptionCell.swift */,
				04179D61245EAEF6004D2BB8 /* AppointmentBookingCell.swift */,
				04179D63245EB065004D2BB8 /* AppointmentNotificationCell.swift */,
			);
			path = Appointment;
			sourceTree = "<group>";
		};
		04763A16245D930A00569115 = {
			isa = PBXGroup;
			children = (
				04763A21245D930B00569115 /* NetmedsPMS */,
				04763A38245D930D00569115 /* NetmedsPMSTests */,
				04763A43245D930D00569115 /* NetmedsPMSUITests */,
				04763A20245D930B00569115 /* Products */,
				25AC369020426128EA9A8605 /* Pods */,
				0D205E96291F25CA5F2E8CA1 /* Frameworks */,
			);
			sourceTree = "<group>";
		};
		04763A20245D930B00569115 /* Products */ = {
			isa = PBXGroup;
			children = (
				04763A1F245D930B00569115 /* NetmedsPMS.app */,
				04763A35245D930D00569115 /* NetmedsPMSTests.xctest */,
				04763A40245D930D00569115 /* NetmedsPMSUITests.xctest */,
			);
			name = Products;
			sourceTree = "<group>";
		};
		04763A21245D930B00569115 /* NetmedsPMS */ = {
			isa = PBXGroup;
			children = (
				04763A52245DAA3800569115 /* App */,
				04763A53245DAA3E00569115 /* Models */,
				04763A54245DAA4500569115 /* Views */,
				04763A55245DAA4D00569115 /* ViewControllers */,
				04763A57245DAA6F00569115 /* Extensions */,
				04763A56245DAA5900569115 /* Utility */,
				04763A64245DBD4900569115 /* Database */,
				04763A58245DAA9E00569115 /* Storyboards */,
				04763A2B245D930C00569115 /* Assets.xcassets */,
				04763A2D245D930C00569115 /* LaunchScreen.storyboard */,
				04763A30245D930D00569115 /* Info.plist */,
			);
			path = NetmedsPMS;
			sourceTree = "<group>";
		};
		04763A38245D930D00569115 /* NetmedsPMSTests */ = {
			isa = PBXGroup;
			children = (
				04763A39245D930D00569115 /* NetmedsPMSTests.swift */,
				04763A3B245D930D00569115 /* Info.plist */,
			);
			path = NetmedsPMSTests;
			sourceTree = "<group>";
		};
		04763A43245D930D00569115 /* NetmedsPMSUITests */ = {
			isa = PBXGroup;
			children = (
				04763A44245D930D00569115 /* NetmedsPMSUITests.swift */,
				04763A46245D930D00569115 /* Info.plist */,
			);
			path = NetmedsPMSUITests;
			sourceTree = "<group>";
		};
		04763A52245DAA3800569115 /* App */ = {
			isa = PBXGroup;
			children = (
				04763A22245D930B00569115 /* AppDelegate.swift */,
				04763A24245D930B00569115 /* SceneDelegate.swift */,
			);
			path = App;
			sourceTree = "<group>";
		};
		04763A53245DAA3E00569115 /* Models */ = {
			isa = PBXGroup;
			children = (
				04179D65245ECD14004D2BB8 /* PatientDetail.swift */,
			);
			path = Models;
			sourceTree = "<group>";
		};
		04763A54245DAA4500569115 /* Views */ = {
			isa = PBXGroup;
			children = (
				04763A6D245DF53000569115 /* TableCells */,
			);
			path = Views;
			sourceTree = "<group>";
		};
		04763A55245DAA4D00569115 /* ViewControllers */ = {
			isa = PBXGroup;
			children = (
				04763A61245DAEF600569115 /* NMBaseViewController.swift */,
				04763A76245E018B00569115 /* NMHomeTabbarController.swift */,
				04763A59245DADCE00569115 /* NMCalendarViewController.swift */,
				04763A5B245DADF100569115 /* NMAddPatientViewController.swift */,
				04763A5D245DAE1F00569115 /* NMPatientsViewController.swift */,
				04763A5F245DAE4700569115 /* NMAddAppointmentViewController.swift */,
			);
			path = ViewControllers;
			sourceTree = "<group>";
		};
		04763A56245DAA5900569115 /* Utility */ = {
			isa = PBXGroup;
			children = (
				04763A69245DF48400569115 /* NMLocalMessages.swift */,
				04763A6B245DF4E000569115 /* NMConstants.swift */,
				04179D69245F8B60004D2BB8 /* Utility.swift */,
			);
			path = Utility;
			sourceTree = "<group>";
		};
		04763A57245DAA6F00569115 /* Extensions */ = {
			isa = PBXGroup;
			children = (
				04763A67245DEA1D00569115 /* Extensions.swift */,
			);
			path = Extensions;
			sourceTree = "<group>";
		};
		04763A58245DAA9E00569115 /* Storyboards */ = {
			isa = PBXGroup;
			children = (
				04763A28245D930B00569115 /* Main.storyboard */,
			);
			path = Storyboards;
			sourceTree = "<group>";
		};
		04763A64245DBD4900569115 /* Database */ = {
			isa = PBXGroup;
			children = (
				04763A65245DDDB000569115 /* FMDatabase.swift */,
				04179D67245F500F004D2BB8 /* NMDatabaseController.swift */,
			);
			path = Database;
			sourceTree = "<group>";
		};
		04763A6D245DF53000569115 /* TableCells */ = {
			isa = PBXGroup;
			children = (
				04763A73245DF64500569115 /* Generic */,
				04179D5A245EAC04004D2BB8 /* Appointment */,
				04179D57245EA8D6004D2BB8 /* Calendar */,
				04763A78245E1EF400569115 /* Patients */,
				04763A6E245DF56F00569115 /* AddPatient */,
			);
			path = TableCells;
			sourceTree = "<group>";
		};
		04763A6E245DF56F00569115 /* AddPatient */ = {
			isa = PBXGroup;
			children = (
				04763A6F245DF5F200569115 /* PatientPrimaryInfoCell.swift */,
				04763A71245DF63700569115 /* PatientDOBAndAgeCell.swift */,
			);
			path = AddPatient;
			sourceTree = "<group>";
		};
		04763A73245DF64500569115 /* Generic */ = {
			isa = PBXGroup;
			children = (
				04763A74245DF6A500569115 /* CommonTableCell.swift */,
			);
			path = Generic;
			sourceTree = "<group>";
		};
		04763A78245E1EF400569115 /* Patients */ = {
			isa = PBXGroup;
			children = (
				04763A79245E1F1C00569115 /* PatientsTableCell.swift */,
			);
			path = Patients;
			sourceTree = "<group>";
		};
		0D205E96291F25CA5F2E8CA1 /* Frameworks */ = {
			isa = PBXGroup;
			children = (
				D27DC00E2317A23219ECC7D0 /* Pods_NetmedsPMS.framework */,
				E59C8B61915E4512CFEE077C /* Pods_NetmedsPMSTests.framework */,
				BE3C48A5CC16641C693AAE38 /* Pods_NetmedsPMSUITests.framework */,
			);
			name = Frameworks;
			sourceTree = "<group>";
		};
		25AC369020426128EA9A8605 /* Pods */ = {
			isa = PBXGroup;
			children = (
				B68D4D7AB9082FAFB52E4E77 /* Pods-NetmedsPMS.debug.xcconfig */,
				BD7CC39B76C0A3C6AAD2AE75 /* Pods-NetmedsPMS.release.xcconfig */,
				6265D1458A2C6F2C039F7D20 /* Pods-NetmedsPMSTests.debug.xcconfig */,
				31B0F060DE4FC84118AE16E5 /* Pods-NetmedsPMSTests.release.xcconfig */,
				C33E93588AE80035619DA7D2 /* Pods-NetmedsPMSUITests.debug.xcconfig */,
				DE6F77E55053840EB6D75E30 /* Pods-NetmedsPMSUITests.release.xcconfig */,
			);
			name = Pods;
			sourceTree = "<group>";
		};
/* End PBXGroup section */

/* Begin PBXNativeTarget section */
		04763A1E245D930B00569115 /* NetmedsPMS */ = {
			isa = PBXNativeTarget;
			buildConfigurationList = 04763A49245D930D00569115 /* Build configuration list for PBXNativeTarget "NetmedsPMS" */;
			buildPhases = (
				1F20FB30C9C7AB519BA5583A /* [CP] Check Pods Manifest.lock */,
				04763A1B245D930B00569115 /* Sources */,
				04763A1C245D930B00569115 /* Frameworks */,
				04763A1D245D930B00569115 /* Resources */,
				A06EAE35FAAFC6E3C47EFBD5 /* [CP] Embed Pods Frameworks */,
			);
			buildRules = (
			);
			dependencies = (
			);
			name = NetmedsPMS;
			productName = NetmedsPMS;
			productReference = 04763A1F245D930B00569115 /* NetmedsPMS.app */;
			productType = "com.apple.product-type.application";
		};
		04763A34245D930D00569115 /* NetmedsPMSTests */ = {
			isa = PBXNativeTarget;
			buildConfigurationList = 04763A4C245D930D00569115 /* Build configuration list for PBXNativeTarget "NetmedsPMSTests" */;
			buildPhases = (
				82AEF26174467CD63856DFC0 /* [CP] Check Pods Manifest.lock */,
				04763A31245D930D00569115 /* Sources */,
				04763A32245D930D00569115 /* Frameworks */,
				04763A33245D930D00569115 /* Resources */,
			);
			buildRules = (
			);
			dependencies = (
				04763A37245D930D00569115 /* PBXTargetDependency */,
			);
			name = NetmedsPMSTests;
			productName = NetmedsPMSTests;
			productReference = 04763A35245D930D00569115 /* NetmedsPMSTests.xctest */;
			productType = "com.apple.product-type.bundle.unit-test";
		};
		04763A3F245D930D00569115 /* NetmedsPMSUITests */ = {
			isa = PBXNativeTarget;
			buildConfigurationList = 04763A4F245D930D00569115 /* Build configuration list for PBXNativeTarget "NetmedsPMSUITests" */;
			buildPhases = (
				C9F5CB9E386CF23E3334FAB0 /* [CP] Check Pods Manifest.lock */,
				04763A3C245D930D00569115 /* Sources */,
				04763A3D245D930D00569115 /* Frameworks */,
				04763A3E245D930D00569115 /* Resources */,
			);
			buildRules = (
			);
			dependencies = (
				04763A42245D930D00569115 /* PBXTargetDependency */,
			);
			name = NetmedsPMSUITests;
			productName = NetmedsPMSUITests;
			productReference = 04763A40245D930D00569115 /* NetmedsPMSUITests.xctest */;
			productType = "com.apple.product-type.bundle.ui-testing";
		};
/* End PBXNativeTarget section */

/* Begin PBXProject section */
		04763A17245D930A00569115 /* Project object */ = {
			isa = PBXProject;
			attributes = {
				LastSwiftUpdateCheck = 1100;
				LastUpgradeCheck = 1100;
				ORGANIZATIONNAME = Radhika;
				TargetAttributes = {
					04763A1E245D930B00569115 = {
						CreatedOnToolsVersion = 11.0;
					};
					04763A34245D930D00569115 = {
						CreatedOnToolsVersion = 11.0;
						TestTargetID = 04763A1E245D930B00569115;
					};
					04763A3F245D930D00569115 = {
						CreatedOnToolsVersion = 11.0;
						TestTargetID = 04763A1E245D930B00569115;
					};
				};
			};
			buildConfigurationList = 04763A1A245D930A00569115 /* Build configuration list for PBXProject "NetmedsPMS" */;
			compatibilityVersion = "Xcode 9.3";
			developmentRegion = en;
			hasScannedForEncodings = 0;
			knownRegions = (
				en,
				Base,
			);
			mainGroup = 04763A16245D930A00569115;
			productRefGroup = 04763A20245D930B00569115 /* Products */;
			projectDirPath = "";
			projectRoot = "";
			targets = (
				04763A1E245D930B00569115 /* NetmedsPMS */,
				04763A34245D930D00569115 /* NetmedsPMSTests */,
				04763A3F245D930D00569115 /* NetmedsPMSUITests */,
			);
		};
/* End PBXProject section */

/* Begin PBXResourcesBuildPhase section */
		04763A1D245D930B00569115 /* Resources */ = {
			isa = PBXResourcesBuildPhase;
			buildActionMask = 2147483647;
			files = (
				04763A2F245D930C00569115 /* LaunchScreen.storyboard in Resources */,
				04763A2C245D930C00569115 /* Assets.xcassets in Resources */,
				04763A2A245D930B00569115 /* Main.storyboard in Resources */,
			);
			runOnlyForDeploymentPostprocessing = 0;
		};
		04763A33245D930D00569115 /* Resources */ = {
			isa = PBXResourcesBuildPhase;
			buildActionMask = 2147483647;
			files = (
			);
			runOnlyForDeploymentPostprocessing = 0;
		};
		04763A3E245D930D00569115 /* Resources */ = {
			isa = PBXResourcesBuildPhase;
			buildActionMask = 2147483647;
			files = (
			);
			runOnlyForDeploymentPostprocessing = 0;
		};
/* End PBXResourcesBuildPhase section */

/* Begin PBXShellScriptBuildPhase section */
		1F20FB30C9C7AB519BA5583A /* [CP] Check Pods Manifest.lock */ = {
			isa = PBXShellScriptBuildPhase;
			buildActionMask = 2147483647;
			files = (
			);
			inputFileListPaths = (
			);
			inputPaths = (
				"${PODS_PODFILE_DIR_PATH}/Podfile.lock",
				"${PODS_ROOT}/Manifest.lock",
			);
			name = "[CP] Check Pods Manifest.lock";
			outputFileListPaths = (
			);
			outputPaths = (
				"$(DERIVED_FILE_DIR)/Pods-NetmedsPMS-checkManifestLockResult.txt",
			);
			runOnlyForDeploymentPostprocessing = 0;
			shellPath = /bin/sh;
			shellScript = "diff \"${PODS_PODFILE_DIR_PATH}/Podfile.lock\" \"${PODS_ROOT}/Manifest.lock\" > /dev/null\nif [ $? != 0 ] ; then\n    # print error to STDERR\n    echo \"error: The sandbox is not in sync with the Podfile.lock. Run 'pod install' or update your CocoaPods installation.\" >&2\n    exit 1\nfi\n# This output is used by Xcode 'outputs' to avoid re-running this script phase.\necho \"SUCCESS\" > \"${SCRIPT_OUTPUT_FILE_0}\"\n";
			showEnvVarsInLog = 0;
		};
		82AEF26174467CD63856DFC0 /* [CP] Check Pods Manifest.lock */ = {
			isa = PBXShellScriptBuildPhase;
			buildActionMask = 2147483647;
			files = (
			);
			inputFileListPaths = (
			);
			inputPaths = (
				"${PODS_PODFILE_DIR_PATH}/Podfile.lock",
				"${PODS_ROOT}/Manifest.lock",
			);
			name = "[CP] Check Pods Manifest.lock";
			outputFileListPaths = (
			);
			outputPaths = (
				"$(DERIVED_FILE_DIR)/Pods-NetmedsPMSTests-checkManifestLockResult.txt",
			);
			runOnlyForDeploymentPostprocessing = 0;
			shellPath = /bin/sh;
			shellScript = "diff \"${PODS_PODFILE_DIR_PATH}/Podfile.lock\" \"${PODS_ROOT}/Manifest.lock\" > /dev/null\nif [ $? != 0 ] ; then\n    # print error to STDERR\n    echo \"error: The sandbox is not in sync with the Podfile.lock. Run 'pod install' or update your CocoaPods installation.\" >&2\n    exit 1\nfi\n# This output is used by Xcode 'outputs' to avoid re-running this script phase.\necho \"SUCCESS\" > \"${SCRIPT_OUTPUT_FILE_0}\"\n";
			showEnvVarsInLog = 0;
		};
		A06EAE35FAAFC6E3C47EFBD5 /* [CP] Embed Pods Frameworks */ = {
			isa = PBXShellScriptBuildPhase;
			buildActionMask = 2147483647;
			files = (
			);
			inputFileListPaths = (
			);
			inputPaths = (
				"${SRCROOT}/Pods/Target Support Files/Pods-NetmedsPMS/Pods-NetmedsPMS-frameworks.sh",
				"${BUILT_PRODUCTS_DIR}/FMDB/FMDB.framework",
				"${BUILT_PRODUCTS_DIR}/FSCalendar/FSCalendar.framework",
				"${BUILT_PRODUCTS_DIR}/SkyFloatingLabelTextField/SkyFloatingLabelTextField.framework",
			);
			name = "[CP] Embed Pods Frameworks";
			outputFileListPaths = (
			);
			outputPaths = (
				"${TARGET_BUILD_DIR}/${FRAMEWORKS_FOLDER_PATH}/FMDB.framework",
				"${TARGET_BUILD_DIR}/${FRAMEWORKS_FOLDER_PATH}/FSCalendar.framework",
				"${TARGET_BUILD_DIR}/${FRAMEWORKS_FOLDER_PATH}/SkyFloatingLabelTextField.framework",
			);
			runOnlyForDeploymentPostprocessing = 0;
			shellPath = /bin/sh;
			shellScript = "\"${SRCROOT}/Pods/Target Support Files/Pods-NetmedsPMS/Pods-NetmedsPMS-frameworks.sh\"\n";
			showEnvVarsInLog = 0;
		};
		C9F5CB9E386CF23E3334FAB0 /* [CP] Check Pods Manifest.lock */ = {
			isa = PBXShellScriptBuildPhase;
			buildActionMask = 2147483647;
			files = (
			);
			inputFileListPaths = (
			);
			inputPaths = (
				"${PODS_PODFILE_DIR_PATH}/Podfile.lock",
				"${PODS_ROOT}/Manifest.lock",
			);
			name = "[CP] Check Pods Manifest.lock";
			outputFileListPaths = (
			);
			outputPaths = (
				"$(DERIVED_FILE_DIR)/Pods-NetmedsPMSUITests-checkManifestLockResult.txt",
			);
			runOnlyForDeploymentPostprocessing = 0;
			shellPath = /bin/sh;
			shellScript = "diff \"${PODS_PODFILE_DIR_PATH}/Podfile.lock\" \"${PODS_ROOT}/Manifest.lock\" > /dev/null\nif [ $? != 0 ] ; then\n    # print error to STDERR\n    echo \"error: The sandbox is not in sync with the Podfile.lock. Run 'pod install' or update your CocoaPods installation.\" >&2\n    exit 1\nfi\n# This output is used by Xcode 'outputs' to avoid re-running this script phase.\necho \"SUCCESS\" > \"${SCRIPT_OUTPUT_FILE_0}\"\n";
			showEnvVarsInLog = 0;
		};
/* End PBXShellScriptBuildPhase section */

/* Begin PBXSourcesBuildPhase section */
		04763A1B245D930B00569115 /* Sources */ = {
			isa = PBXSourcesBuildPhase;
			buildActionMask = 2147483647;
			files = (
				04179D6A245F8B60004D2BB8 /* Utility.swift in Sources */,
				04179D66245ECD14004D2BB8 /* PatientDetail.swift in Sources */,
				04763A70245DF5F200569115 /* PatientPrimaryInfoCell.swift in Sources */,
				04763A77245E018B00569115 /* NMHomeTabbarController.swift in Sources */,
				04763A7A245E1F1C00569115 /* PatientsTableCell.swift in Sources */,
				04763A75245DF6A500569115 /* CommonTableCell.swift in Sources */,
				04763A23245D930B00569115 /* AppDelegate.swift in Sources */,
				04763A6C245DF4E000569115 /* NMConstants.swift in Sources */,
				04763A68245DEA1D00569115 /* Extensions.swift in Sources */,
				04763A62245DAEF600569115 /* NMBaseViewController.swift in Sources */,
				04179D68245F500F004D2BB8 /* NMDatabaseController.swift in Sources */,
				04763A25245D930B00569115 /* SceneDelegate.swift in Sources */,
				04179D59245EA91E004D2BB8 /* CalendarTableCell.swift in Sources */,
				04179D5C245EAC5F004D2BB8 /* BasicAppointmentDetailCell.swift in Sources */,
				04763A6A245DF48400569115 /* NMLocalMessages.swift in Sources */,
				04763A72245DF63700569115 /* PatientDOBAndAgeCell.swift in Sources */,
				04763A66245DDDB000569115 /* FMDatabase.swift in Sources */,
				04179D64245EB065004D2BB8 /* AppointmentNotificationCell.swift in Sources */,
				04763A5C245DADF100569115 /* NMAddPatientViewController.swift in Sources */,
				04763A60245DAE4700569115 /* NMAddAppointmentViewController.swift in Sources */,
				04179D62245EAEF6004D2BB8 /* AppointmentBookingCell.swift in Sources */,
				04179D60245EAE2F004D2BB8 /* AppointmentDescriptionCell.swift in Sources */,
				04179D5E245EAD75004D2BB8 /* CommonAppointmentCell.swift in Sources */,
				04763A5A245DADCE00569115 /* NMCalendarViewController.swift in Sources */,
				04763A5E245DAE1F00569115 /* NMPatientsViewController.swift in Sources */,
			);
			runOnlyForDeploymentPostprocessing = 0;
		};
		04763A31245D930D00569115 /* Sources */ = {
			isa = PBXSourcesBuildPhase;
			buildActionMask = 2147483647;
			files = (
				04763A3A245D930D00569115 /* NetmedsPMSTests.swift in Sources */,
			);
			runOnlyForDeploymentPostprocessing = 0;
		};
		04763A3C245D930D00569115 /* Sources */ = {
			isa = PBXSourcesBuildPhase;
			buildActionMask = 2147483647;
			files = (
				04763A45245D930D00569115 /* NetmedsPMSUITests.swift in Sources */,
			);
			runOnlyForDeploymentPostprocessing = 0;
		};
/* End PBXSourcesBuildPhase section */

/* Begin PBXTargetDependency section */
		04763A37245D930D00569115 /* PBXTargetDependency */ = {
			isa = PBXTargetDependency;
			target = 04763A1E245D930B00569115 /* NetmedsPMS */;
			targetProxy = 04763A36245D930D00569115 /* PBXContainerItemProxy */;
		};
		04763A42245D930D00569115 /* PBXTargetDependency */ = {
			isa = PBXTargetDependency;
			target = 04763A1E245D930B00569115 /* NetmedsPMS */;
			targetProxy = 04763A41245D930D00569115 /* PBXContainerItemProxy */;
		};
/* End PBXTargetDependency section */

/* Begin PBXVariantGroup section */
		04763A28245D930B00569115 /* Main.storyboard */ = {
			isa = PBXVariantGroup;
			children = (
				04763A29245D930B00569115 /* Base */,
			);
			name = Main.storyboard;
			sourceTree = "<group>";
		};
		04763A2D245D930C00569115 /* LaunchScreen.storyboard */ = {
			isa = PBXVariantGroup;
			children = (
				04763A2E245D930C00569115 /* Base */,
			);
			name = LaunchScreen.storyboard;
			sourceTree = "<group>";
		};
/* End PBXVariantGroup section */

/* Begin XCBuildConfiguration section */
		04763A47245D930D00569115 /* Debug */ = {
			isa = XCBuildConfiguration;
			buildSettings = {
				ALWAYS_SEARCH_USER_PATHS = NO;
				CLANG_ANALYZER_NONNULL = YES;
				CLANG_ANALYZER_NUMBER_OBJECT_CONVERSION = YES_AGGRESSIVE;
				CLANG_CXX_LANGUAGE_STANDARD = "gnu++14";
				CLANG_CXX_LIBRARY = "libc++";
				CLANG_ENABLE_MODULES = YES;
				CLANG_ENABLE_OBJC_ARC = YES;
				CLANG_ENABLE_OBJC_WEAK = YES;
				CLANG_WARN_BLOCK_CAPTURE_AUTORELEASING = YES;
				CLANG_WARN_BOOL_CONVERSION = YES;
				CLANG_WARN_COMMA = YES;
				CLANG_WARN_CONSTANT_CONVERSION = YES;
				CLANG_WARN_DEPRECATED_OBJC_IMPLEMENTATIONS = YES;
				CLANG_WARN_DIRECT_OBJC_ISA_USAGE = YES_ERROR;
				CLANG_WARN_DOCUMENTATION_COMMENTS = YES;
				CLANG_WARN_EMPTY_BODY = YES;
				CLANG_WARN_ENUM_CONVERSION = YES;
				CLANG_WARN_INFINITE_RECURSION = YES;
				CLANG_WARN_INT_CONVERSION = YES;
				CLANG_WARN_NON_LITERAL_NULL_CONVERSION = YES;
				CLANG_WARN_OBJC_IMPLICIT_RETAIN_SELF = YES;
				CLANG_WARN_OBJC_LITERAL_CONVERSION = YES;
				CLANG_WARN_OBJC_ROOT_CLASS = YES_ERROR;
				CLANG_WARN_RANGE_LOOP_ANALYSIS = YES;
				CLANG_WARN_STRICT_PROTOTYPES = YES;
				CLANG_WARN_SUSPICIOUS_MOVE = YES;
				CLANG_WARN_UNGUARDED_AVAILABILITY = YES_AGGRESSIVE;
				CLANG_WARN_UNREACHABLE_CODE = YES;
				CLANG_WARN__DUPLICATE_METHOD_MATCH = YES;
				COPY_PHASE_STRIP = NO;
				DEBUG_INFORMATION_FORMAT = dwarf;
				ENABLE_STRICT_OBJC_MSGSEND = YES;
				ENABLE_TESTABILITY = YES;
				GCC_C_LANGUAGE_STANDARD = gnu11;
				GCC_DYNAMIC_NO_PIC = NO;
				GCC_NO_COMMON_BLOCKS = YES;
				GCC_OPTIMIZATION_LEVEL = 0;
				GCC_PREPROCESSOR_DEFINITIONS = (
					"DEBUG=1",
					"$(inherited)",
				);
				GCC_WARN_64_TO_32_BIT_CONVERSION = YES;
				GCC_WARN_ABOUT_RETURN_TYPE = YES_ERROR;
				GCC_WARN_UNDECLARED_SELECTOR = YES;
				GCC_WARN_UNINITIALIZED_AUTOS = YES_AGGRESSIVE;
				GCC_WARN_UNUSED_FUNCTION = YES;
				GCC_WARN_UNUSED_VARIABLE = YES;
				IPHONEOS_DEPLOYMENT_TARGET = 13.0;
				MTL_ENABLE_DEBUG_INFO = INCLUDE_SOURCE;
				MTL_FAST_MATH = YES;
				ONLY_ACTIVE_ARCH = YES;
				SDKROOT = iphoneos;
				SWIFT_ACTIVE_COMPILATION_CONDITIONS = DEBUG;
				SWIFT_OPTIMIZATION_LEVEL = "-Onone";
			};
			name = Debug;
		};
		04763A48245D930D00569115 /* Release */ = {
			isa = XCBuildConfiguration;
			buildSettings = {
				ALWAYS_SEARCH_USER_PATHS = NO;
				CLANG_ANALYZER_NONNULL = YES;
				CLANG_ANALYZER_NUMBER_OBJECT_CONVERSION = YES_AGGRESSIVE;
				CLANG_CXX_LANGUAGE_STANDARD = "gnu++14";
				CLANG_CXX_LIBRARY = "libc++";
				CLANG_ENABLE_MODULES = YES;
				CLANG_ENABLE_OBJC_ARC = YES;
				CLANG_ENABLE_OBJC_WEAK = YES;
				CLANG_WARN_BLOCK_CAPTURE_AUTORELEASING = YES;
				CLANG_WARN_BOOL_CONVERSION = YES;
				CLANG_WARN_COMMA = YES;
				CLANG_WARN_CONSTANT_CONVERSION = YES;
				CLANG_WARN_DEPRECATED_OBJC_IMPLEMENTATIONS = YES;
				CLANG_WARN_DIRECT_OBJC_ISA_USAGE = YES_ERROR;
				CLANG_WARN_DOCUMENTATION_COMMENTS = YES;
				CLANG_WARN_EMPTY_BODY = YES;
				CLANG_WARN_ENUM_CONVERSION = YES;
				CLANG_WARN_INFINITE_RECURSION = YES;
				CLANG_WARN_INT_CONVERSION = YES;
				CLANG_WARN_NON_LITERAL_NULL_CONVERSION = YES;
				CLANG_WARN_OBJC_IMPLICIT_RETAIN_SELF = YES;
				CLANG_WARN_OBJC_LITERAL_CONVERSION = YES;
				CLANG_WARN_OBJC_ROOT_CLASS = YES_ERROR;
				CLANG_WARN_RANGE_LOOP_ANALYSIS = YES;
				CLANG_WARN_STRICT_PROTOTYPES = YES;
				CLANG_WARN_SUSPICIOUS_MOVE = YES;
				CLANG_WARN_UNGUARDED_AVAILABILITY = YES_AGGRESSIVE;
				CLANG_WARN_UNREACHABLE_CODE = YES;
				CLANG_WARN__DUPLICATE_METHOD_MATCH = YES;
				COPY_PHASE_STRIP = NO;
				DEBUG_INFORMATION_FORMAT = "dwarf-with-dsym";
				ENABLE_NS_ASSERTIONS = NO;
				ENABLE_STRICT_OBJC_MSGSEND = YES;
				GCC_C_LANGUAGE_STANDARD = gnu11;
				GCC_NO_COMMON_BLOCKS = YES;
				GCC_WARN_64_TO_32_BIT_CONVERSION = YES;
				GCC_WARN_ABOUT_RETURN_TYPE = YES_ERROR;
				GCC_WARN_UNDECLARED_SELECTOR = YES;
				GCC_WARN_UNINITIALIZED_AUTOS = YES_AGGRESSIVE;
				GCC_WARN_UNUSED_FUNCTION = YES;
				GCC_WARN_UNUSED_VARIABLE = YES;
				IPHONEOS_DEPLOYMENT_TARGET = 13.0;
				MTL_ENABLE_DEBUG_INFO = NO;
				MTL_FAST_MATH = YES;
				SDKROOT = iphoneos;
				SWIFT_COMPILATION_MODE = wholemodule;
				SWIFT_OPTIMIZATION_LEVEL = "-O";
				VALIDATE_PRODUCT = YES;
			};
			name = Release;
		};
		04763A4A245D930D00569115 /* Debug */ = {
			isa = XCBuildConfiguration;
			baseConfigurationReference = B68D4D7AB9082FAFB52E4E77 /* Pods-NetmedsPMS.debug.xcconfig */;
			buildSettings = {
				ASSETCATALOG_COMPILER_APPICON_NAME = AppIcon;
				CODE_SIGN_STYLE = Automatic;
				INFOPLIST_FILE = NetmedsPMS/Info.plist;
				LD_RUNPATH_SEARCH_PATHS = (
					"$(inherited)",
					"@executable_path/Frameworks",
				);
				PRODUCT_BUNDLE_IDENTIFIER = com.radhika.NetmedsPMS;
				PRODUCT_NAME = "$(TARGET_NAME)";
				SWIFT_VERSION = 5.0;
				TARGETED_DEVICE_FAMILY = "1,2";
			};
			name = Debug;
		};
		04763A4B245D930D00569115 /* Release */ = {
			isa = XCBuildConfiguration;
			baseConfigurationReference = BD7CC39B76C0A3C6AAD2AE75 /* Pods-NetmedsPMS.release.xcconfig */;
			buildSettings = {
				ASSETCATALOG_COMPILER_APPICON_NAME = AppIcon;
				CODE_SIGN_STYLE = Automatic;
				INFOPLIST_FILE = NetmedsPMS/Info.plist;
				LD_RUNPATH_SEARCH_PATHS = (
					"$(inherited)",
					"@executable_path/Frameworks",
				);
				PRODUCT_BUNDLE_IDENTIFIER = com.radhika.NetmedsPMS;
				PRODUCT_NAME = "$(TARGET_NAME)";
				SWIFT_VERSION = 5.0;
				TARGETED_DEVICE_FAMILY = "1,2";
			};
			name = Release;
		};
		04763A4D245D930D00569115 /* Debug */ = {
			isa = XCBuildConfiguration;
			baseConfigurationReference = 6265D1458A2C6F2C039F7D20 /* Pods-NetmedsPMSTests.debug.xcconfig */;
			buildSettings = {
				ALWAYS_EMBED_SWIFT_STANDARD_LIBRARIES = YES;
				BUNDLE_LOADER = "$(TEST_HOST)";
				CODE_SIGN_STYLE = Automatic;
				INFOPLIST_FILE = NetmedsPMSTests/Info.plist;
				IPHONEOS_DEPLOYMENT_TARGET = 13.0;
				LD_RUNPATH_SEARCH_PATHS = (
					"$(inherited)",
					"@executable_path/Frameworks",
					"@loader_path/Frameworks",
				);
				PRODUCT_BUNDLE_IDENTIFIER = com.radhika.NetmedsPMSTests;
				PRODUCT_NAME = "$(TARGET_NAME)";
				SWIFT_VERSION = 5.0;
				TARGETED_DEVICE_FAMILY = "1,2";
				TEST_HOST = "$(BUILT_PRODUCTS_DIR)/NetmedsPMS.app/NetmedsPMS";
			};
			name = Debug;
		};
		04763A4E245D930D00569115 /* Release */ = {
			isa = XCBuildConfiguration;
			baseConfigurationReference = 31B0F060DE4FC84118AE16E5 /* Pods-NetmedsPMSTests.release.xcconfig */;
			buildSettings = {
				ALWAYS_EMBED_SWIFT_STANDARD_LIBRARIES = YES;
				BUNDLE_LOADER = "$(TEST_HOST)";
				CODE_SIGN_STYLE = Automatic;
				INFOPLIST_FILE = NetmedsPMSTests/Info.plist;
				IPHONEOS_DEPLOYMENT_TARGET = 13.0;
				LD_RUNPATH_SEARCH_PATHS = (
					"$(inherited)",
					"@executable_path/Frameworks",
					"@loader_path/Frameworks",
				);
				PRODUCT_BUNDLE_IDENTIFIER = com.radhika.NetmedsPMSTests;
				PRODUCT_NAME = "$(TARGET_NAME)";
				SWIFT_VERSION = 5.0;
				TARGETED_DEVICE_FAMILY = "1,2";
				TEST_HOST = "$(BUILT_PRODUCTS_DIR)/NetmedsPMS.app/NetmedsPMS";
			};
			name = Release;
		};
		04763A50245D930D00569115 /* Debug */ = {
			isa = XCBuildConfiguration;
			baseConfigurationReference = C33E93588AE80035619DA7D2 /* Pods-NetmedsPMSUITests.debug.xcconfig */;
			buildSettings = {
				ALWAYS_EMBED_SWIFT_STANDARD_LIBRARIES = YES;
				CODE_SIGN_STYLE = Automatic;
				INFOPLIST_FILE = NetmedsPMSUITests/Info.plist;
				LD_RUNPATH_SEARCH_PATHS = (
					"$(inherited)",
					"@executable_path/Frameworks",
					"@loader_path/Frameworks",
				);
				PRODUCT_BUNDLE_IDENTIFIER = com.radhika.NetmedsPMSUITests;
				PRODUCT_NAME = "$(TARGET_NAME)";
				SWIFT_VERSION = 5.0;
				TARGETED_DEVICE_FAMILY = "1,2";
				TEST_TARGET_NAME = NetmedsPMS;
			};
			name = Debug;
		};
		04763A51245D930D00569115 /* Release */ = {
			isa = XCBuildConfiguration;
			baseConfigurationReference = DE6F77E55053840EB6D75E30 /* Pods-NetmedsPMSUITests.release.xcconfig */;
			buildSettings = {
				ALWAYS_EMBED_SWIFT_STANDARD_LIBRARIES = YES;
				CODE_SIGN_STYLE = Automatic;
				INFOPLIST_FILE = NetmedsPMSUITests/Info.plist;
				LD_RUNPATH_SEARCH_PATHS = (
					"$(inherited)",
					"@executable_path/Frameworks",
					"@loader_path/Frameworks",
				);
				PRODUCT_BUNDLE_IDENTIFIER = com.radhika.NetmedsPMSUITests;
				PRODUCT_NAME = "$(TARGET_NAME)";
				SWIFT_VERSION = 5.0;
				TARGETED_DEVICE_FAMILY = "1,2";
				TEST_TARGET_NAME = NetmedsPMS;
			};
			name = Release;
		};
/* End XCBuildConfiguration section */

/* Begin XCConfigurationList section */
		04763A1A245D930A00569115 /* Build configuration list for PBXProject "NetmedsPMS" */ = {
			isa = XCConfigurationList;
			buildConfigurations = (
				04763A47245D930D00569115 /* Debug */,
				04763A48245D930D00569115 /* Release */,
			);
			defaultConfigurationIsVisible = 0;
			defaultConfigurationName = Release;
		};
		04763A49245D930D00569115 /* Build configuration list for PBXNativeTarget "NetmedsPMS" */ = {
			isa = XCConfigurationList;
			buildConfigurations = (
				04763A4A245D930D00569115 /* Debug */,
				04763A4B245D930D00569115 /* Release */,
			);
			defaultConfigurationIsVisible = 0;
			defaultConfigurationName = Release;
		};
		04763A4C245D930D00569115 /* Build configuration list for PBXNativeTarget "NetmedsPMSTests" */ = {
			isa = XCConfigurationList;
			buildConfigurations = (
				04763A4D245D930D00569115 /* Debug */,
				04763A4E245D930D00569115 /* Release */,
			);
			defaultConfigurationIsVisible = 0;
			defaultConfigurationName = Release;
		};
		04763A4F245D930D00569115 /* Build configuration list for PBXNativeTarget "NetmedsPMSUITests" */ = {
			isa = XCConfigurationList;
			buildConfigurations = (
				04763A50245D930D00569115 /* Debug */,
				04763A51245D930D00569115 /* Release */,
			);
			defaultConfigurationIsVisible = 0;
			defaultConfigurationName = Release;
		};
/* End XCConfigurationList section */
	};
	rootObject = 04763A17245D930A00569115 /* Project object */;
}
